// !$*UTF8*$!
{
	archiveVersion = 1;
	classes = {
	};
	objectVersion = 56;
	objects = {

/* Begin PBXBuildFile section */
		0B52205A2B1DA68B00B2A155 /* HiLanguageApp.swift in Sources */ = {isa = PBXBuildFile; fileRef = 0B5220592B1DA68B00B2A155 /* HiLanguageApp.swift */; };
		0B52205C2B1DA68B00B2A155 /* ContentView.swift in Sources */ = {isa = PBXBuildFile; fileRef = 0B52205B2B1DA68B00B2A155 /* ContentView.swift */; };
		0B52205E2B1DA68E00B2A155 /* Assets.xcassets in Resources */ = {isa = PBXBuildFile; fileRef = 0B52205D2B1DA68E00B2A155 /* Assets.xcassets */; };
		0B5220612B1DA68E00B2A155 /* Preview Assets.xcassets in Resources */ = {isa = PBXBuildFile; fileRef = 0B5220602B1DA68E00B2A155 /* Preview Assets.xcassets */; };
		0B52206B2B1DA68E00B2A155 /* HiLanguageTests.swift in Sources */ = {isa = PBXBuildFile; fileRef = 0B52206A2B1DA68E00B2A155 /* HiLanguageTests.swift */; };
		0B5220752B1DA68E00B2A155 /* HiLanguageUITests.swift in Sources */ = {isa = PBXBuildFile; fileRef = 0B5220742B1DA68E00B2A155 /* HiLanguageUITests.swift */; };
		0B5220772B1DA68E00B2A155 /* HiLanguageUITestsLaunchTests.swift in Sources */ = {isa = PBXBuildFile; fileRef = 0B5220762B1DA68E00B2A155 /* HiLanguageUITestsLaunchTests.swift */; };
/* End PBXBuildFile section */

/* Begin PBXContainerItemProxy section */
		0B5220672B1DA68E00B2A155 /* PBXContainerItemProxy */ = {
			isa = PBXContainerItemProxy;
			containerPortal = 0B52204E2B1DA68B00B2A155 /* Project object */;
			proxyType = 1;
			remoteGlobalIDString = 0B5220552B1DA68B00B2A155;
			remoteInfo = HiLanguage;
		};
		0B5220712B1DA68E00B2A155 /* PBXContainerItemProxy */ = {
			isa = PBXContainerItemProxy;
			containerPortal = 0B52204E2B1DA68B00B2A155 /* Project object */;
			proxyType = 1;
			remoteGlobalIDString = 0B5220552B1DA68B00B2A155;
			remoteInfo = HiLanguage;
		};
/* End PBXContainerItemProxy section */

/* Begin PBXFileReference section */
		0B5220562B1DA68B00B2A155 /* HiLanguage.app */ = {isa = PBXFileReference; explicitFileType = wrapper.application; includeInIndex = 0; path = HiLanguage.app; sourceTree = BUILT_PRODUCTS_DIR; };
		0B5220592B1DA68B00B2A155 /* HiLanguageApp.swift */ = {isa = PBXFileReference; lastKnownFileType = sourcecode.swift; path = HiLanguageApp.swift; sourceTree = "<group>"; };
		0B52205B2B1DA68B00B2A155 /* ContentView.swift */ = {isa = PBXFileReference; lastKnownFileType = sourcecode.swift; path = ContentView.swift; sourceTree = "<group>"; };
		0B52205D2B1DA68E00B2A155 /* Assets.xcassets */ = {isa = PBXFileReference; lastKnownFileType = folder.assetcatalog; path = Assets.xcassets; sourceTree = "<group>"; };
		0B5220602B1DA68E00B2A155 /* Preview Assets.xcassets */ = {isa = PBXFileReference; lastKnownFileType = folder.assetcatalog; path = "Preview Assets.xcassets"; sourceTree = "<group>"; };
		0B5220662B1DA68E00B2A155 /* HiLanguageTests.xctest */ = {isa = PBXFileReference; explicitFileType = wrapper.cfbundle; includeInIndex = 0; path = HiLanguageTests.xctest; sourceTree = BUILT_PRODUCTS_DIR; };
		0B52206A2B1DA68E00B2A155 /* HiLanguageTests.swift */ = {isa = PBXFileReference; lastKnownFileType = sourcecode.swift; path = HiLanguageTests.swift; sourceTree = "<group>"; };
		0B5220702B1DA68E00B2A155 /* HiLanguageUITests.xctest */ = {isa = PBXFileReference; explicitFileType = wrapper.cfbundle; includeInIndex = 0; path = HiLanguageUITests.xctest; sourceTree = BUILT_PRODUCTS_DIR; };
		0B5220742B1DA68E00B2A155 /* HiLanguageUITests.swift */ = {isa = PBXFileReference; lastKnownFileType = sourcecode.swift; path = HiLanguageUITests.swift; sourceTree = "<group>"; };
		0B5220762B1DA68E00B2A155 /* HiLanguageUITestsLaunchTests.swift */ = {isa = PBXFileReference; lastKnownFileType = sourcecode.swift; path = HiLanguageUITestsLaunchTests.swift; sourceTree = "<group>"; };
/* End PBXFileReference section */

/* Begin PBXFrameworksBuildPhase section */
		0B5220532B1DA68B00B2A155 /* Frameworks */ = {
			isa = PBXFrameworksBuildPhase;
			buildActionMask = 2147483647;
			files = (
			);
			runOnlyForDeploymentPostprocessing = 0;
		};
		0B5220632B1DA68E00B2A155 /* Frameworks */ = {
			isa = PBXFrameworksBuildPhase;
			buildActionMask = 2147483647;
			files = (
			);
			runOnlyForDeploymentPostprocessing = 0;
		};
		0B52206D2B1DA68E00B2A155 /* Frameworks */ = {
			isa = PBXFrameworksBuildPhase;
			buildActionMask = 2147483647;
			files = (
			);
			runOnlyForDeploymentPostprocessing = 0;
		};
/* End PBXFrameworksBuildPhase section */

/* Begin PBXGroup section */
		0B52204D2B1DA68B00B2A155 = {
			isa = PBXGroup;
			children = (
				0B5220582B1DA68B00B2A155 /* HiLanguage */,
				0B5220692B1DA68E00B2A155 /* HiLanguageTests */,
				0B5220732B1DA68E00B2A155 /* HiLanguageUITests */,
				0B5220572B1DA68B00B2A155 /* Products */,
			);
			sourceTree = "<group>";
		};
		0B5220572B1DA68B00B2A155 /* Products */ = {
			isa = PBXGroup;
			children = (
				0B5220562B1DA68B00B2A155 /* HiLanguage.app */,
				0B5220662B1DA68E00B2A155 /* HiLanguageTests.xctest */,
				0B5220702B1DA68E00B2A155 /* HiLanguageUITests.xctest */,
			);
			name = Products;
			sourceTree = "<group>";
		};
		0B5220582B1DA68B00B2A155 /* HiLanguage */ = {
			isa = PBXGroup;
			children = (
				0B5220592B1DA68B00B2A155 /* HiLanguageApp.swift */,
				0B52205B2B1DA68B00B2A155 /* ContentView.swift */,
				0B52205D2B1DA68E00B2A155 /* Assets.xcassets */,
				0B52205F2B1DA68E00B2A155 /* Preview Content */,
			);
			path = HiLanguage;
			sourceTree = "<group>";
		};
		0B52205F2B1DA68E00B2A155 /* Preview Content */ = {
			isa = PBXGroup;
			children = (
				0B5220602B1DA68E00B2A155 /* Preview Assets.xcassets */,
			);
			path = "Preview Content";
			sourceTree = "<group>";
		};
		0B5220692B1DA68E00B2A155 /* HiLanguageTests */ = {
			isa = PBXGroup;
			children = (
				0B52206A2B1DA68E00B2A155 /* HiLanguageTests.swift */,
			);
			path = HiLanguageTests;
			sourceTree = "<group>";
		};
		0B5220732B1DA68E00B2A155 /* HiLanguageUITests */ = {
			isa = PBXGroup;
			children = (
				0B5220742B1DA68E00B2A155 /* HiLanguageUITests.swift */,
				0B5220762B1DA68E00B2A155 /* HiLanguageUITestsLaunchTests.swift */,
			);
			path = HiLanguageUITests;
			sourceTree = "<group>";
		};
/* End PBXGroup section */

/* Begin PBXNativeTarget section */
		0B5220552B1DA68B00B2A155 /* HiLanguage */ = {
			isa = PBXNativeTarget;
			buildConfigurationList = 0B52207A2B1DA68E00B2A155 /* Build configuration list for PBXNativeTarget "HiLanguage" */;
			buildPhases = (
				0B5220522B1DA68B00B2A155 /* Sources */,
				0B5220532B1DA68B00B2A155 /* Frameworks */,
				0B5220542B1DA68B00B2A155 /* Resources */,
			);
			buildRules = (
			);
			dependencies = (
			);
			name = HiLanguage;
			productName = HiLanguage;
			productReference = 0B5220562B1DA68B00B2A155 /* HiLanguage.app */;
			productType = "com.apple.product-type.application";
		};
		0B5220652B1DA68E00B2A155 /* HiLanguageTests */ = {
			isa = PBXNativeTarget;
			buildConfigurationList = 0B52207D2B1DA68E00B2A155 /* Build configuration list for PBXNativeTarget "HiLanguageTests" */;
			buildPhases = (
				0B5220622B1DA68E00B2A155 /* Sources */,
				0B5220632B1DA68E00B2A155 /* Frameworks */,
				0B5220642B1DA68E00B2A155 /* Resources */,
			);
			buildRules = (
			);
			dependencies = (
				0B5220682B1DA68E00B2A155 /* PBXTargetDependency */,
			);
			name = HiLanguageTests;
			productName = HiLanguageTests;
			productReference = 0B5220662B1DA68E00B2A155 /* HiLanguageTests.xctest */;
			productType = "com.apple.product-type.bundle.unit-test";
		};
		0B52206F2B1DA68E00B2A155 /* HiLanguageUITests */ = {
			isa = PBXNativeTarget;
			buildConfigurationList = 0B5220802B1DA68E00B2A155 /* Build configuration list for PBXNativeTarget "HiLanguageUITests" */;
			buildPhases = (
				0B52206C2B1DA68E00B2A155 /* Sources */,
				0B52206D2B1DA68E00B2A155 /* Frameworks */,
				0B52206E2B1DA68E00B2A155 /* Resources */,
			);
			buildRules = (
			);
			dependencies = (
				0B5220722B1DA68E00B2A155 /* PBXTargetDependency */,
			);
			name = HiLanguageUITests;
			productName = HiLanguageUITests;
			productReference = 0B5220702B1DA68E00B2A155 /* HiLanguageUITests.xctest */;
			productType = "com.apple.product-type.bundle.ui-testing";
		};
/* End PBXNativeTarget section */

/* Begin PBXProject section */
		0B52204E2B1DA68B00B2A155 /* Project object */ = {
			isa = PBXProject;
			attributes = {
				BuildIndependentTargetsInParallel = 1;
				LastSwiftUpdateCheck = 1500;
				LastUpgradeCheck = 1500;
				TargetAttributes = {
					0B5220552B1DA68B00B2A155 = {
						CreatedOnToolsVersion = 15.0.1;
					};
					0B5220652B1DA68E00B2A155 = {
						CreatedOnToolsVersion = 15.0.1;
						TestTargetID = 0B5220552B1DA68B00B2A155;
					};
					0B52206F2B1DA68E00B2A155 = {
						CreatedOnToolsVersion = 15.0.1;
						TestTargetID = 0B5220552B1DA68B00B2A155;
					};
				};
			};
			buildConfigurationList = 0B5220512B1DA68B00B2A155 /* Build configuration list for PBXProject "HiLanguage" */;
			compatibilityVersion = "Xcode 14.0";
			developmentRegion = en;
			hasScannedForEncodings = 0;
			knownRegions = (
				en,
				Base,
			);
			mainGroup = 0B52204D2B1DA68B00B2A155;
			productRefGroup = 0B5220572B1DA68B00B2A155 /* Products */;
			projectDirPath = "";
			projectRoot = "";
			targets = (
				0B5220552B1DA68B00B2A155 /* HiLanguage */,
				0B5220652B1DA68E00B2A155 /* HiLanguageTests */,
				0B52206F2B1DA68E00B2A155 /* HiLanguageUITests */,
			);
		};
/* End PBXProject section */

/* Begin PBXResourcesBuildPhase section */
		0B5220542B1DA68B00B2A155 /* Resources */ = {
			isa = PBXResourcesBuildPhase;
			buildActionMask = 2147483647;
			files = (
				0B5220612B1DA68E00B2A155 /* Preview Assets.xcassets in Resources */,
				0B52205E2B1DA68E00B2A155 /* Assets.xcassets in Resources */,
			);
			runOnlyForDeploymentPostprocessing = 0;
		};
		0B5220642B1DA68E00B2A155 /* Resources */ = {
			isa = PBXResourcesBuildPhase;
			buildActionMask = 2147483647;
			files = (
			);
			runOnlyForDeploymentPostprocessing = 0;
		};
		0B52206E2B1DA68E00B2A155 /* Resources */ = {
			isa = PBXResourcesBuildPhase;
			buildActionMask = 2147483647;
			files = (
			);
			runOnlyForDeploymentPostprocessing = 0;
		};
/* End PBXResourcesBuildPhase section */

/* Begin PBXSourcesBuildPhase section */
		0B5220522B1DA68B00B2A155 /* Sources */ = {
			isa = PBXSourcesBuildPhase;
			buildActionMask = 2147483647;
			files = (
				0B52205C2B1DA68B00B2A155 /* ContentView.swift in Sources */,
				0B52205A2B1DA68B00B2A155 /* HiLanguageApp.swift in Sources */,
			);
			runOnlyForDeploymentPostprocessing = 0;
		};
		0B5220622B1DA68E00B2A155 /* Sources */ = {
			isa = PBXSourcesBuildPhase;
			buildActionMask = 2147483647;
			files = (
				0B52206B2B1DA68E00B2A155 /* HiLanguageTests.swift in Sources */,
			);
			runOnlyForDeploymentPostprocessing = 0;
		};
		0B52206C2B1DA68E00B2A155 /* Sources */ = {
			isa = PBXSourcesBuildPhase;
			buildActionMask = 2147483647;
			files = (
				0B5220752B1DA68E00B2A155 /* HiLanguageUITests.swift in Sources */,
				0B5220772B1DA68E00B2A155 /* HiLanguageUITestsLaunchTests.swift in Sources */,
			);
			runOnlyForDeploymentPostprocessing = 0;
		};
/* End PBXSourcesBuildPhase section */

/* Begin PBXTargetDependency section */
		0B5220682B1DA68E00B2A155 /* PBXTargetDependency */ = {
			isa = PBXTargetDependency;
			target = 0B5220552B1DA68B00B2A155 /* HiLanguage */;
			targetProxy = 0B5220672B1DA68E00B2A155 /* PBXContainerItemProxy */;
		};
		0B5220722B1DA68E00B2A155 /* PBXTargetDependency */ = {
			isa = PBXTargetDependency;
			target = 0B5220552B1DA68B00B2A155 /* HiLanguage */;
			targetProxy = 0B5220712B1DA68E00B2A155 /* PBXContainerItemProxy */;
		};
/* End PBXTargetDependency section */

/* Begin XCBuildConfiguration section */
		0B5220782B1DA68E00B2A155 /* Debug */ = {
			isa = XCBuildConfiguration;
			buildSettings = {
				ALWAYS_SEARCH_USER_PATHS = NO;
				ASSETCATALOG_COMPILER_GENERATE_SWIFT_ASSET_SYMBOL_EXTENSIONS = YES;
				CLANG_ANALYZER_NONNULL = YES;
				CLANG_ANALYZER_NUMBER_OBJECT_CONVERSION = YES_AGGRESSIVE;
				CLANG_CXX_LANGUAGE_STANDARD = "gnu++20";
				CLANG_ENABLE_MODULES = YES;
				CLANG_ENABLE_OBJC_ARC = YES;
				CLANG_ENABLE_OBJC_WEAK = YES;
				CLANG_WARN_BLOCK_CAPTURE_AUTORELEASING = YES;
				CLANG_WARN_BOOL_CONVERSION = YES;
				CLANG_WARN_COMMA = YES;
				CLANG_WARN_CONSTANT_CONVERSION = YES;
				CLANG_WARN_DEPRECATED_OBJC_IMPLEMENTATIONS = YES;
				CLANG_WARN_DIRECT_OBJC_ISA_USAGE = YES_ERROR;
				CLANG_WARN_DOCUMENTATION_COMMENTS = YES;
				CLANG_WARN_EMPTY_BODY = YES;
				CLANG_WARN_ENUM_CONVERSION = YES;
				CLANG_WARN_INFINITE_RECURSION = YES;
				CLANG_WARN_INT_CONVERSION = YES;
				CLANG_WARN_NON_LITERAL_NULL_CONVERSION = YES;
				CLANG_WARN_OBJC_IMPLICIT_RETAIN_SELF = YES;
				CLANG_WARN_OBJC_LITERAL_CONVERSION = YES;
				CLANG_WARN_OBJC_ROOT_CLASS = YES_ERROR;
				CLANG_WARN_QUOTED_INCLUDE_IN_FRAMEWORK_HEADER = YES;
				CLANG_WARN_RANGE_LOOP_ANALYSIS = YES;
				CLANG_WARN_STRICT_PROTOTYPES = YES;
				CLANG_WARN_SUSPICIOUS_MOVE = YES;
				CLANG_WARN_UNGUARDED_AVAILABILITY = YES_AGGRESSIVE;
				CLANG_WARN_UNREACHABLE_CODE = YES;
				CLANG_WARN__DUPLICATE_METHOD_MATCH = YES;
				COPY_PHASE_STRIP = NO;
				DEBUG_INFORMATION_FORMAT = dwarf;
				ENABLE_STRICT_OBJC_MSGSEND = YES;
				ENABLE_TESTABILITY = YES;
				ENABLE_USER_SCRIPT_SANDBOXING = YES;
				GCC_C_LANGUAGE_STANDARD = gnu17;
				GCC_DYNAMIC_NO_PIC = NO;
				GCC_NO_COMMON_BLOCKS = YES;
				GCC_OPTIMIZATION_LEVEL = 0;
				GCC_PREPROCESSOR_DEFINITIONS = (
					"DEBUG=1",
					"$(inherited)",
				);
				GCC_WARN_64_TO_32_BIT_CONVERSION = YES;
				GCC_WARN_ABOUT_RETURN_TYPE = YES_ERROR;
				GCC_WARN_UNDECLARED_SELECTOR = YES;
				GCC_WARN_UNINITIALIZED_AUTOS = YES_AGGRESSIVE;
				GCC_WARN_UNUSED_FUNCTION = YES;
				GCC_WARN_UNUSED_VARIABLE = YES;
				IPHONEOS_DEPLOYMENT_TARGET = 17.0;
				LOCALIZATION_PREFERS_STRING_CATALOGS = YES;
				MTL_ENABLE_DEBUG_INFO = INCLUDE_SOURCE;
				MTL_FAST_MATH = YES;
				ONLY_ACTIVE_ARCH = YES;
				SDKROOT = iphoneos;
				SWIFT_ACTIVE_COMPILATION_CONDITIONS = "DEBUG $(inherited)";
				SWIFT_OPTIMIZATION_LEVEL = "-Onone";
			};
			name = Debug;
		};
		0B5220792B1DA68E00B2A155 /* Release */ = {
			isa = XCBuildConfiguration;
			buildSettings = {
				ALWAYS_SEARCH_USER_PATHS = NO;
				ASSETCATALOG_COMPILER_GENERATE_SWIFT_ASSET_SYMBOL_EXTENSIONS = YES;
				CLANG_ANALYZER_NONNULL = YES;
				CLANG_ANALYZER_NUMBER_OBJECT_CONVERSION = YES_AGGRESSIVE;
				CLANG_CXX_LANGUAGE_STANDARD = "gnu++20";
				CLANG_ENABLE_MODULES = YES;
				CLANG_ENABLE_OBJC_ARC = YES;
				CLANG_ENABLE_OBJC_WEAK = YES;
				CLANG_WARN_BLOCK_CAPTURE_AUTORELEASING = YES;
				CLANG_WARN_BOOL_CONVERSION = YES;
				CLANG_WARN_COMMA = YES;
				CLANG_WARN_CONSTANT_CONVERSION = YES;
				CLANG_WARN_DEPRECATED_OBJC_IMPLEMENTATIONS = YES;
				CLANG_WARN_DIRECT_OBJC_ISA_USAGE = YES_ERROR;
				CLANG_WARN_DOCUMENTATION_COMMENTS = YES;
				CLANG_WARN_EMPTY_BODY = YES;
				CLANG_WARN_ENUM_CONVERSION = YES;
				CLANG_WARN_INFINITE_RECURSION = YES;
				CLANG_WARN_INT_CONVERSION = YES;
				CLANG_WARN_NON_LITERAL_NULL_CONVERSION = YES;
				CLANG_WARN_OBJC_IMPLICIT_RETAIN_SELF = YES;
				CLANG_WARN_OBJC_LITERAL_CONVERSION = YES;
				CLANG_WARN_OBJC_ROOT_CLASS = YES_ERROR;
				CLANG_WARN_QUOTED_INCLUDE_IN_FRAMEWORK_HEADER = YES;
				CLANG_WARN_RANGE_LOOP_ANALYSIS = YES;
				CLANG_WARN_STRICT_PROTOTYPES = YES;
				CLANG_WARN_SUSPICIOUS_MOVE = YES;
				CLANG_WARN_UNGUARDED_AVAILABILITY = YES_AGGRESSIVE;
				CLANG_WARN_UNREACHABLE_CODE = YES;
				CLANG_WARN__DUPLICATE_METHOD_MATCH = YES;
				COPY_PHASE_STRIP = NO;
				DEBUG_INFORMATION_FORMAT = "dwarf-with-dsym";
				ENABLE_NS_ASSERTIONS = NO;
				ENABLE_STRICT_OBJC_MSGSEND = YES;
				ENABLE_USER_SCRIPT_SANDBOXING = YES;
				GCC_C_LANGUAGE_STANDARD = gnu17;
				GCC_NO_COMMON_BLOCKS = YES;
				GCC_WARN_64_TO_32_BIT_CONVERSION = YES;
				GCC_WARN_ABOUT_RETURN_TYPE = YES_ERROR;
				GCC_WARN_UNDECLARED_SELECTOR = YES;
				GCC_WARN_UNINITIALIZED_AUTOS = YES_AGGRESSIVE;
				GCC_WARN_UNUSED_FUNCTION = YES;
				GCC_WARN_UNUSED_VARIABLE = YES;
				IPHONEOS_DEPLOYMENT_TARGET = 17.0;
				LOCALIZATION_PREFERS_STRING_CATALOGS = YES;
				MTL_ENABLE_DEBUG_INFO = NO;
				MTL_FAST_MATH = YES;
				SDKROOT = iphoneos;
				SWIFT_COMPILATION_MODE = wholemodule;
				VALIDATE_PRODUCT = YES;
			};
			name = Release;
		};
		0B52207B2B1DA68E00B2A155 /* Debug */ = {
			isa = XCBuildConfiguration;
			buildSettings = {
				ASSETCATALOG_COMPILER_APPICON_NAME = AppIcon;
				ASSETCATALOG_COMPILER_GLOBAL_ACCENT_COLOR_NAME = AccentColor;
				CODE_SIGN_STYLE = Automatic;
				CURRENT_PROJECT_VERSION = 1;
				DEVELOPMENT_ASSET_PATHS = "\"HiLanguage/Preview Content\"";
				ENABLE_PREVIEWS = YES;
				GENERATE_INFOPLIST_FILE = YES;
				INFOPLIST_KEY_UIApplicationSceneManifest_Generation = YES;
				INFOPLIST_KEY_UIApplicationSupportsIndirectInputEvents = YES;
				INFOPLIST_KEY_UILaunchScreen_Generation = YES;
				INFOPLIST_KEY_UISupportedInterfaceOrientations_iPad = "UIInterfaceOrientationPortrait UIInterfaceOrientationPortraitUpsideDown UIInterfaceOrientationLandscapeLeft UIInterfaceOrientationLandscapeRight";
				INFOPLIST_KEY_UISupportedInterfaceOrientations_iPhone = "UIInterfaceOrientationPortrait UIInterfaceOrientationLandscapeLeft UIInterfaceOrientationLandscapeRight";
				LD_RUNPATH_SEARCH_PATHS = (
					"$(inherited)",
					"@executable_path/Frameworks",
				);
				MARKETING_VERSION = 1.0;
				PRODUCT_BUNDLE_IDENTIFIER = com.Shatha.HiLanguage;
				PRODUCT_NAME = "$(TARGET_NAME)";
				SWIFT_EMIT_LOC_STRINGS = YES;
				SWIFT_VERSION = 5.0;
				TARGETED_DEVICE_FAMILY = "1,2";
			};
			name = Debug;
		};
		0B52207C2B1DA68E00B2A155 /* Release */ = {
			isa = XCBuildConfiguration;
			buildSettings = {
				ASSETCATALOG_COMPILER_APPICON_NAME = AppIcon;
				ASSETCATALOG_COMPILER_GLOBAL_ACCENT_COLOR_NAME = AccentColor;
				CODE_SIGN_STYLE = Automatic;
				CURRENT_PROJECT_VERSION = 1;
				DEVELOPMENT_ASSET_PATHS = "\"HiLanguage/Preview Content\"";
				ENABLE_PREVIEWS = YES;
				GENERATE_INFOPLIST_FILE = YES;
				INFOPLIST_KEY_UIApplicationSceneManifest_Generation = YES;
				INFOPLIST_KEY_UIApplicationSupportsIndirectInputEvents = YES;
				INFOPLIST_KEY_UILaunchScreen_Generation = YES;
				INFOPLIST_KEY_UISupportedInterfaceOrientations_iPad = "UIInterfaceOrientationPortrait UIInterfaceOrientationPortraitUpsideDown UIInterfaceOrientationLandscapeLeft UIInterfaceOrientationLandscapeRight";
				INFOPLIST_KEY_UISupportedInterfaceOrientations_iPhone = "UIInterfaceOrientationPortrait UIInterfaceOrientationLandscapeLeft UIInterfaceOrientationLandscapeRight";
				LD_RUNPATH_SEARCH_PATHS = (
					"$(inherited)",
					"@executable_path/Frameworks",
				);
				MARKETING_VERSION = 1.0;
				PRODUCT_BUNDLE_IDENTIFIER = com.Shatha.HiLanguage;
				PRODUCT_NAME = "$(TARGET_NAME)";
				SWIFT_EMIT_LOC_STRINGS = YES;
				SWIFT_VERSION = 5.0;
				TARGETED_DEVICE_FAMILY = "1,2";
			};
			name = Release;
		};
		0B52207E2B1DA68E00B2A155 /* Debug */ = {
			isa = XCBuildConfiguration;
			buildSettings = {
				ALWAYS_EMBED_SWIFT_STANDARD_LIBRARIES = YES;
				BUNDLE_LOADER = "$(TEST_HOST)";
				CODE_SIGN_STYLE = Automatic;
				CURRENT_PROJECT_VERSION = 1;
				GENERATE_INFOPLIST_FILE = YES;
				IPHONEOS_DEPLOYMENT_TARGET = 17.0;
				MARKETING_VERSION = 1.0;
				PRODUCT_BUNDLE_IDENTIFIER = com.Shatha.HiLanguageTests;
				PRODUCT_NAME = "$(TARGET_NAME)";
				SWIFT_EMIT_LOC_STRINGS = NO;
				SWIFT_VERSION = 5.0;
				TARGETED_DEVICE_FAMILY = "1,2";
				TEST_HOST = "$(BUILT_PRODUCTS_DIR)/HiLanguage.app/$(BUNDLE_EXECUTABLE_FOLDER_PATH)/HiLanguage";
			};
			name = Debug;
		};
		0B52207F2B1DA68E00B2A155 /* Release */ = {
			isa = XCBuildConfiguration;
			buildSettings = {
				ALWAYS_EMBED_SWIFT_STANDARD_LIBRARIES = YES;
				BUNDLE_LOADER = "$(TEST_HOST)";
				CODE_SIGN_STYLE = Automatic;
				CURRENT_PROJECT_VERSION = 1;
				GENERATE_INFOPLIST_FILE = YES;
				IPHONEOS_DEPLOYMENT_TARGET = 17.0;
				MARKETING_VERSION = 1.0;
				PRODUCT_BUNDLE_IDENTIFIER = com.Shatha.HiLanguageTests;
				PRODUCT_NAME = "$(TARGET_NAME)";
				SWIFT_EMIT_LOC_STRINGS = NO;
				SWIFT_VERSION = 5.0;
				TARGETED_DEVICE_FAMILY = "1,2";
				TEST_HOST = "$(BUILT_PRODUCTS_DIR)/HiLanguage.app/$(BUNDLE_EXECUTABLE_FOLDER_PATH)/HiLanguage";
			};
			name = Release;
		};
		0B5220812B1DA68E00B2A155 /* Debug */ = {
			isa = XCBuildConfiguration;
			buildSettings = {
				ALWAYS_EMBED_SWIFT_STANDARD_LIBRARIES = YES;
				CODE_SIGN_STYLE = Automatic;
				CURRENT_PROJECT_VERSION = 1;
				GENERATE_INFOPLIST_FILE = YES;
				MARKETING_VERSION = 1.0;
				PRODUCT_BUNDLE_IDENTIFIER = com.Shatha.HiLanguageUITests;
				PRODUCT_NAME = "$(TARGET_NAME)";
				SWIFT_EMIT_LOC_STRINGS = NO;
				SWIFT_VERSION = 5.0;
				TARGETED_DEVICE_FAMILY = "1,2";
				TEST_TARGET_NAME = HiLanguage;
			};
			name = Debug;
		};
		0B5220822B1DA68E00B2A155 /* Release */ = {
			isa = XCBuildConfiguration;
			buildSettings = {
				ALWAYS_EMBED_SWIFT_STANDARD_LIBRARIES = YES;
				CODE_SIGN_STYLE = Automatic;
				CURRENT_PROJECT_VERSION = 1;
				GENERATE_INFOPLIST_FILE = YES;
				MARKETING_VERSION = 1.0;
				PRODUCT_BUNDLE_IDENTIFIER = com.Shatha.HiLanguageUITests;
				PRODUCT_NAME = "$(TARGET_NAME)";
				SWIFT_EMIT_LOC_STRINGS = NO;
				SWIFT_VERSION = 5.0;
				TARGETED_DEVICE_FAMILY = "1,2";
				TEST_TARGET_NAME = HiLanguage;
			};
			name = Release;
		};
/* End XCBuildConfiguration section */

/* Begin XCConfigurationList section */
		0B5220512B1DA68B00B2A155 /* Build configuration list for PBXProject "HiLanguage" */ = {
			isa = XCConfigurationList;
			buildConfigurations = (
				0B5220782B1DA68E00B2A155 /* Debug */,
				0B5220792B1DA68E00B2A155 /* Release */,
			);
			defaultConfigurationIsVisible = 0;
			defaultConfigurationName = Release;
		};
		0B52207A2B1DA68E00B2A155 /* Build configuration list for PBXNativeTarget "HiLanguage" */ = {
			isa = XCConfigurationList;
			buildConfigurations = (
				0B52207B2B1DA68E00B2A155 /* Debug */,
				0B52207C2B1DA68E00B2A155 /* Release */,
			);
			defaultConfigurationIsVisible = 0;
			defaultConfigurationName = Release;
		};
		0B52207D2B1DA68E00B2A155 /* Build configuration list for PBXNativeTarget "HiLanguageTests" */ = {
			isa = XCConfigurationList;
			buildConfigurations = (
				0B52207E2B1DA68E00B2A155 /* Debug */,
				0B52207F2B1DA68E00B2A155 /* Release */,
			);
			defaultConfigurationIsVisible = 0;
			defaultConfigurationName = Release;
		};
		0B5220802B1DA68E00B2A155 /* Build configuration list for PBXNativeTarget "HiLanguageUITests" */ = {
			isa = XCConfigurationList;
			buildConfigurations = (
				0B5220812B1DA68E00B2A155 /* Debug */,
				0B5220822B1DA68E00B2A155 /* Release */,
			);
			defaultConfigurationIsVisible = 0;
			defaultConfigurationName = Release;
		};
/* End XCConfigurationList section */
	};
	rootObject = 0B52204E2B1DA68B00B2A155 /* Project object */;
}
